
Microsoft Visual Studio Solution File, Format Version 12.00
# Visual Studio Version 17
VisualStudioVersion = 17.4.33213.308
MinimumVisualStudioVersion = 10.0.40219.1
Project("{FAE04EC0-301F-11D3-BF4B-00C04F79EFBC}") = "RiseFileRenamer", "RiseFileRenamer\RiseFileRenamer.csproj", "{394A59EB-C4FB-4401-83DD-94CF1567BD42}"
EndProject
Global
	GlobalSection(SolutionConfigurationPlatforms) = preSolution
		Debug|Any CPU = Debug|Any CPU
		Release|Any CPU = Release|Any CPU
	EndGlobalSection
	GlobalSection(ProjectConfigurationPlatforms) = postSolution
		{394A59EB-C4FB-4401-83DD-94CF1567BD42}.Debug|Any CPU.ActiveCfg = Debug|Any CPU
		{394A59EB-C4FB-4401-83DD-94CF1567BD42}.Debug|Any CPU.Build.0 = Debug|Any CPU
		{394A59EB-C4FB-4401-83DD-94CF1567BD42}.Release|Any CPU.ActiveCfg = Release|Any CPU
		{394A59EB-C4FB-4401-83DD-94CF1567BD42}.Release|Any CPU.Build.0 = Release|Any CPU
	EndGlobalSection
	GlobalSection(SolutionProperties) = preSolution
		HideSolutionNode = FALSE
	EndGlobalSection
	GlobalSection(ExtensibilityGlobals) = postSolution
		SolutionGuid = {0C44EBD7-1452-4E39-ABDA-1010D9A53CAC}
	EndGlobalSection
EndGlobal
